PODS:
  - Flurry-iOS-SDK/FlurryAds (8.0.2):
    - Flurry-iOS-SDK/FlurrySDK
  - Flurry-iOS-SDK/FlurrySDK (8.0.2)
  - GoogleMaps (2.2.0):
    - GoogleMaps/Maps (= 2.2.0)
  - GoogleMaps/Base (2.2.0)
  - GoogleMaps/Maps (2.2.0):
    - GoogleMaps/Base
  - GooglePlaces (2.2.0):
    - GoogleMaps/Base (= 2.2.0)
  - Instructions (0.5.0):
    - Instructions/Core (= 0.5.0)
  - Instructions/Core (0.5.0)
  - Koloda (4.1):
    - pop (~> 1.0)
  - pop (1.0.9)

DEPENDENCIES:
  - Flurry-iOS-SDK/FlurryAds
  - Flurry-iOS-SDK/FlurrySDK
  - GoogleMaps
  - GooglePlaces
  - Instructions (from `https://github.com/ephread/Instructions.git`)
  - Koloda

EXTERNAL SOURCES:
  Instructions:
    :git: https://github.com/ephread/Instructions.git

CHECKOUT OPTIONS:
  Instructions:
    :commit: e8b448d108908d9bb47f5d1b00f57fcc0d77e6f3
    :git: https://github.com/ephread/Instructions.git

SPEC CHECKSUMS:
  Flurry-iOS-SDK: 6d47c244428d2cab3f25c97bdba9b2f4d4a5935f
  GoogleMaps: 104c418d61ab8a05dff06ed0784c25ea9d37da45
  GooglePlaces: bca867d5e9da15384c794b945e4226848bc6e9d9
  Instructions: 6976f674ce788aefec475be6f18500572f1645d4
  Koloda: 6c4fa3ce9a68776a8ef973311e53fdda432799a8
  pop: f667631a5108a2e60d9e8797c9b32ddaf2080bce

PODFILE CHECKSUM: 20f83a527042f490ffd083c2f34711067e02cc89

COCOAPODS: 1.2.1
